// !$*UTF8*$!
{
	archiveVersion = 1;
	classes = {
	};
	objectVersion = 56;
	objects = {

/* Begin PBXBuildFile section */
		D92249662A21A8A500A77293 /* QooizApp.swift in Sources */ = {isa = PBXBuildFile; fileRef = D92249652A21A8A500A77293 /* QooizApp.swift */; };
		D92249682A21A8A500A77293 /* ContentView.swift in Sources */ = {isa = PBXBuildFile; fileRef = D92249672A21A8A500A77293 /* ContentView.swift */; };
		D922496A2A21A8AA00A77293 /* Assets.xcassets in Resources */ = {isa = PBXBuildFile; fileRef = D92249692A21A8AA00A77293 /* Assets.xcassets */; };
		D922496D2A21A8AA00A77293 /* Preview Assets.xcassets in Resources */ = {isa = PBXBuildFile; fileRef = D922496C2A21A8AA00A77293 /* Preview Assets.xcassets */; };
		D92249772A21A8AA00A77293 /* QooizTests.swift in Sources */ = {isa = PBXBuildFile; fileRef = D92249762A21A8AA00A77293 /* QooizTests.swift */; };
		D92249812A21A8AA00A77293 /* QooizUITests.swift in Sources */ = {isa = PBXBuildFile; fileRef = D92249802A21A8AA00A77293 /* QooizUITests.swift */; };
		D92249832A21A8AA00A77293 /* QooizUITestsLaunchTests.swift in Sources */ = {isa = PBXBuildFile; fileRef = D92249822A21A8AA00A77293 /* QooizUITestsLaunchTests.swift */; };
		D92249912A22FEC900A77293 /* Question.swift in Sources */ = {isa = PBXBuildFile; fileRef = D922498F2A22FCF300A77293 /* Question.swift */; };
/* End PBXBuildFile section */

/* Begin PBXContainerItemProxy section */
		D92249732A21A8AA00A77293 /* PBXContainerItemProxy */ = {
			isa = PBXContainerItemProxy;
			containerPortal = D922495A2A21A8A500A77293 /* Project object */;
			proxyType = 1;
			remoteGlobalIDString = D92249612A21A8A500A77293;
			remoteInfo = Qooiz;
		};
		D922497D2A21A8AA00A77293 /* PBXContainerItemProxy */ = {
			isa = PBXContainerItemProxy;
			containerPortal = D922495A2A21A8A500A77293 /* Project object */;
			proxyType = 1;
			remoteGlobalIDString = D92249612A21A8A500A77293;
			remoteInfo = Qooiz;
		};
/* End PBXContainerItemProxy section */

/* Begin PBXFileReference section */
		D92249622A21A8A500A77293 /* Qooiz.app */ = {isa = PBXFileReference; explicitFileType = wrapper.application; includeInIndex = 0; path = Qooiz.app; sourceTree = BUILT_PRODUCTS_DIR; };
		D92249652A21A8A500A77293 /* QooizApp.swift */ = {isa = PBXFileReference; lastKnownFileType = sourcecode.swift; path = QooizApp.swift; sourceTree = "<group>"; };
		D92249672A21A8A500A77293 /* ContentView.swift */ = {isa = PBXFileReference; lastKnownFileType = sourcecode.swift; path = ContentView.swift; sourceTree = "<group>"; };
		D92249692A21A8AA00A77293 /* Assets.xcassets */ = {isa = PBXFileReference; lastKnownFileType = folder.assetcatalog; path = Assets.xcassets; sourceTree = "<group>"; };
		D922496C2A21A8AA00A77293 /* Preview Assets.xcassets */ = {isa = PBXFileReference; lastKnownFileType = folder.assetcatalog; path = "Preview Assets.xcassets"; sourceTree = "<group>"; };
		D92249722A21A8AA00A77293 /* QooizTests.xctest */ = {isa = PBXFileReference; explicitFileType = wrapper.cfbundle; includeInIndex = 0; path = QooizTests.xctest; sourceTree = BUILT_PRODUCTS_DIR; };
		D92249762A21A8AA00A77293 /* QooizTests.swift */ = {isa = PBXFileReference; lastKnownFileType = sourcecode.swift; path = QooizTests.swift; sourceTree = "<group>"; };
		D922497C2A21A8AA00A77293 /* QooizUITests.xctest */ = {isa = PBXFileReference; explicitFileType = wrapper.cfbundle; includeInIndex = 0; path = QooizUITests.xctest; sourceTree = BUILT_PRODUCTS_DIR; };
		D92249802A21A8AA00A77293 /* QooizUITests.swift */ = {isa = PBXFileReference; lastKnownFileType = sourcecode.swift; path = QooizUITests.swift; sourceTree = "<group>"; };
		D92249822A21A8AA00A77293 /* QooizUITestsLaunchTests.swift */ = {isa = PBXFileReference; lastKnownFileType = sourcecode.swift; path = QooizUITestsLaunchTests.swift; sourceTree = "<group>"; };
		D922498F2A22FCF300A77293 /* Question.swift */ = {isa = PBXFileReference; lastKnownFileType = sourcecode.swift; path = Question.swift; sourceTree = "<group>"; };
/* End PBXFileReference section */

/* Begin PBXFrameworksBuildPhase section */
		D922495F2A21A8A500A77293 /* Frameworks */ = {
			isa = PBXFrameworksBuildPhase;
			buildActionMask = 2147483647;
			files = (
			);
			runOnlyForDeploymentPostprocessing = 0;
		};
		D922496F2A21A8AA00A77293 /* Frameworks */ = {
			isa = PBXFrameworksBuildPhase;
			buildActionMask = 2147483647;
			files = (
			);
			runOnlyForDeploymentPostprocessing = 0;
		};
		D92249792A21A8AA00A77293 /* Frameworks */ = {
			isa = PBXFrameworksBuildPhase;
			buildActionMask = 2147483647;
			files = (
			);
			runOnlyForDeploymentPostprocessing = 0;
		};
/* End PBXFrameworksBuildPhase section */

/* Begin PBXGroup section */
		D92249592A21A8A500A77293 = {
			isa = PBXGroup;
			children = (
				D92249642A21A8A500A77293 /* Qooiz */,
				D92249752A21A8AA00A77293 /* QooizTests */,
				D922497F2A21A8AA00A77293 /* QooizUITests */,
				D92249632A21A8A500A77293 /* Products */,
			);
			sourceTree = "<group>";
		};
		D92249632A21A8A500A77293 /* Products */ = {
			isa = PBXGroup;
			children = (
				D92249622A21A8A500A77293 /* Qooiz.app */,
				D92249722A21A8AA00A77293 /* QooizTests.xctest */,
				D922497C2A21A8AA00A77293 /* QooizUITests.xctest */,
			);
			name = Products;
			sourceTree = "<group>";
		};
		D92249642A21A8A500A77293 /* Qooiz */ = {
			isa = PBXGroup;
			children = (
				D922498F2A22FCF300A77293 /* Question.swift */,
				D92249652A21A8A500A77293 /* QooizApp.swift */,
				D92249672A21A8A500A77293 /* ContentView.swift */,
				D92249692A21A8AA00A77293 /* Assets.xcassets */,
				D922496B2A21A8AA00A77293 /* Preview Content */,
			);
			path = Qooiz;
			sourceTree = "<group>";
		};
		D922496B2A21A8AA00A77293 /* Preview Content */ = {
			isa = PBXGroup;
			children = (
				D922496C2A21A8AA00A77293 /* Preview Assets.xcassets */,
			);
			path = "Preview Content";
			sourceTree = "<group>";
		};
		D92249752A21A8AA00A77293 /* QooizTests */ = {
			isa = PBXGroup;
			children = (
				D92249762A21A8AA00A77293 /* QooizTests.swift */,
			);
			path = QooizTests;
			sourceTree = "<group>";
		};
		D922497F2A21A8AA00A77293 /* QooizUITests */ = {
			isa = PBXGroup;
			children = (
				D92249802A21A8AA00A77293 /* QooizUITests.swift */,
				D92249822A21A8AA00A77293 /* QooizUITestsLaunchTests.swift */,
			);
			path = QooizUITests;
			sourceTree = "<group>";
		};
/* End PBXGroup section */

/* Begin PBXNativeTarget section */
		D92249612A21A8A500A77293 /* Qooiz */ = {
			isa = PBXNativeTarget;
			buildConfigurationList = D92249862A21A8AA00A77293 /* Build configuration list for PBXNativeTarget "Qooiz" */;
			buildPhases = (
				D922495E2A21A8A500A77293 /* Sources */,
				D922495F2A21A8A500A77293 /* Frameworks */,
				D92249602A21A8A500A77293 /* Resources */,
			);
			buildRules = (
			);
			dependencies = (
			);
			name = Qooiz;
			productName = Qooiz;
			productReference = D92249622A21A8A500A77293 /* Qooiz.app */;
			productType = "com.apple.product-type.application";
		};
		D92249712A21A8AA00A77293 /* QooizTests */ = {
			isa = PBXNativeTarget;
			buildConfigurationList = D92249892A21A8AA00A77293 /* Build configuration list for PBXNativeTarget "QooizTests" */;
			buildPhases = (
				D922496E2A21A8AA00A77293 /* Sources */,
				D922496F2A21A8AA00A77293 /* Frameworks */,
				D92249702A21A8AA00A77293 /* Resources */,
			);
			buildRules = (
			);
			dependencies = (
				D92249742A21A8AA00A77293 /* PBXTargetDependency */,
			);
			name = QooizTests;
			productName = QooizTests;
			productReference = D92249722A21A8AA00A77293 /* QooizTests.xctest */;
			productType = "com.apple.product-type.bundle.unit-test";
		};
		D922497B2A21A8AA00A77293 /* QooizUITests */ = {
			isa = PBXNativeTarget;
			buildConfigurationList = D922498C2A21A8AA00A77293 /* Build configuration list for PBXNativeTarget "QooizUITests" */;
			buildPhases = (
				D92249782A21A8AA00A77293 /* Sources */,
				D92249792A21A8AA00A77293 /* Frameworks */,
				D922497A2A21A8AA00A77293 /* Resources */,
			);
			buildRules = (
			);
			dependencies = (
				D922497E2A21A8AA00A77293 /* PBXTargetDependency */,
			);
			name = QooizUITests;
			productName = QooizUITests;
			productReference = D922497C2A21A8AA00A77293 /* QooizUITests.xctest */;
			productType = "com.apple.product-type.bundle.ui-testing";
		};
/* End PBXNativeTarget section */

/* Begin PBXProject section */
		D922495A2A21A8A500A77293 /* Project object */ = {
			isa = PBXProject;
			attributes = {
				BuildIndependentTargetsInParallel = 1;
				LastSwiftUpdateCheck = 1420;
				LastUpgradeCheck = 1420;
				TargetAttributes = {
					D92249612A21A8A500A77293 = {
						CreatedOnToolsVersion = 14.2;
					};
					D92249712A21A8AA00A77293 = {
						CreatedOnToolsVersion = 14.2;
						TestTargetID = D92249612A21A8A500A77293;
					};
					D922497B2A21A8AA00A77293 = {
						CreatedOnToolsVersion = 14.2;
						TestTargetID = D92249612A21A8A500A77293;
					};
				};
			};
			buildConfigurationList = D922495D2A21A8A500A77293 /* Build configuration list for PBXProject "Qooiz" */;
			compatibilityVersion = "Xcode 14.0";
			developmentRegion = en;
			hasScannedForEncodings = 0;
			knownRegions = (
				en,
				Base,
			);
			mainGroup = D92249592A21A8A500A77293;
			productRefGroup = D92249632A21A8A500A77293 /* Products */;
			projectDirPath = "";
			projectRoot = "";
			targets = (
				D92249612A21A8A500A77293 /* Qooiz */,
				D92249712A21A8AA00A77293 /* QooizTests */,
				D922497B2A21A8AA00A77293 /* QooizUITests */,
			);
		};
/* End PBXProject section */

/* Begin PBXResourcesBuildPhase section */
		D92249602A21A8A500A77293 /* Resources */ = {
			isa = PBXResourcesBuildPhase;
			buildActionMask = 2147483647;
			files = (
				D922496D2A21A8AA00A77293 /* Preview Assets.xcassets in Resources */,
				D922496A2A21A8AA00A77293 /* Assets.xcassets in Resources */,
			);
			runOnlyForDeploymentPostprocessing = 0;
		};
		D92249702A21A8AA00A77293 /* Resources */ = {
			isa = PBXResourcesBuildPhase;
			buildActionMask = 2147483647;
			files = (
			);
			runOnlyForDeploymentPostprocessing = 0;
		};
		D922497A2A21A8AA00A77293 /* Resources */ = {
			isa = PBXResourcesBuildPhase;
			buildActionMask = 2147483647;
			files = (
			);
			runOnlyForDeploymentPostprocessing = 0;
		};
/* End PBXResourcesBuildPhase section */

/* Begin PBXSourcesBuildPhase section */
		D922495E2A21A8A500A77293 /* Sources */ = {
			isa = PBXSourcesBuildPhase;
			buildActionMask = 2147483647;
			files = (
				D92249912A22FEC900A77293 /* Question.swift in Sources */,
				D92249682A21A8A500A77293 /* ContentView.swift in Sources */,
				D92249662A21A8A500A77293 /* QooizApp.swift in Sources */,
			);
			runOnlyForDeploymentPostprocessing = 0;
		};
		D922496E2A21A8AA00A77293 /* Sources */ = {
			isa = PBXSourcesBuildPhase;
			buildActionMask = 2147483647;
			files = (
				D92249772A21A8AA00A77293 /* QooizTests.swift in Sources */,
			);
			runOnlyForDeploymentPostprocessing = 0;
		};
		D92249782A21A8AA00A77293 /* Sources */ = {
			isa = PBXSourcesBuildPhase;
			buildActionMask = 2147483647;
			files = (
				D92249812A21A8AA00A77293 /* QooizUITests.swift in Sources */,
				D92249832A21A8AA00A77293 /* QooizUITestsLaunchTests.swift in Sources */,
			);
			runOnlyForDeploymentPostprocessing = 0;
		};
/* End PBXSourcesBuildPhase section */

/* Begin PBXTargetDependency section */
		D92249742A21A8AA00A77293 /* PBXTargetDependency */ = {
			isa = PBXTargetDependency;
			target = D92249612A21A8A500A77293 /* Qooiz */;
			targetProxy = D92249732A21A8AA00A77293 /* PBXContainerItemProxy */;
		};
		D922497E2A21A8AA00A77293 /* PBXTargetDependency */ = {
			isa = PBXTargetDependency;
			target = D92249612A21A8A500A77293 /* Qooiz */;
			targetProxy = D922497D2A21A8AA00A77293 /* PBXContainerItemProxy */;
		};
/* End PBXTargetDependency section */

/* Begin XCBuildConfiguration section */
		D92249842A21A8AA00A77293 /* Debug */ = {
			isa = XCBuildConfiguration;
			buildSettings = {
				ALWAYS_SEARCH_USER_PATHS = NO;
				CLANG_ANALYZER_NONNULL = YES;
				CLANG_ANALYZER_NUMBER_OBJECT_CONVERSION = YES_AGGRESSIVE;
				CLANG_CXX_LANGUAGE_STANDARD = "gnu++20";
				CLANG_ENABLE_MODULES = YES;
				CLANG_ENABLE_OBJC_ARC = YES;
				CLANG_ENABLE_OBJC_WEAK = YES;
				CLANG_WARN_BLOCK_CAPTURE_AUTORELEASING = YES;
				CLANG_WARN_BOOL_CONVERSION = YES;
				CLANG_WARN_COMMA = YES;
				CLANG_WARN_CONSTANT_CONVERSION = YES;
				CLANG_WARN_DEPRECATED_OBJC_IMPLEMENTATIONS = YES;
				CLANG_WARN_DIRECT_OBJC_ISA_USAGE = YES_ERROR;
				CLANG_WARN_DOCUMENTATION_COMMENTS = YES;
				CLANG_WARN_EMPTY_BODY = YES;
				CLANG_WARN_ENUM_CONVERSION = YES;
				CLANG_WARN_INFINITE_RECURSION = YES;
				CLANG_WARN_INT_CONVERSION = YES;
				CLANG_WARN_NON_LITERAL_NULL_CONVERSION = YES;
				CLANG_WARN_OBJC_IMPLICIT_RETAIN_SELF = YES;
				CLANG_WARN_OBJC_LITERAL_CONVERSION = YES;
				CLANG_WARN_OBJC_ROOT_CLASS = YES_ERROR;
				CLANG_WARN_QUOTED_INCLUDE_IN_FRAMEWORK_HEADER = YES;
				CLANG_WARN_RANGE_LOOP_ANALYSIS = YES;
				CLANG_WARN_STRICT_PROTOTYPES = YES;
				CLANG_WARN_SUSPICIOUS_MOVE = YES;
				CLANG_WARN_UNGUARDED_AVAILABILITY = YES_AGGRESSIVE;
				CLANG_WARN_UNREACHABLE_CODE = YES;
				CLANG_WARN__DUPLICATE_METHOD_MATCH = YES;
				COPY_PHASE_STRIP = NO;
				DEBUG_INFORMATION_FORMAT = dwarf;
				ENABLE_STRICT_OBJC_MSGSEND = YES;
				ENABLE_TESTABILITY = YES;
				GCC_C_LANGUAGE_STANDARD = gnu11;
				GCC_DYNAMIC_NO_PIC = NO;
				GCC_NO_COMMON_BLOCKS = YES;
				GCC_OPTIMIZATION_LEVEL = 0;
				GCC_PREPROCESSOR_DEFINITIONS = (
					"DEBUG=1",
					"$(inherited)",
				);
				GCC_WARN_64_TO_32_BIT_CONVERSION = YES;
				GCC_WARN_ABOUT_RETURN_TYPE = YES_ERROR;
				GCC_WARN_UNDECLARED_SELECTOR = YES;
				GCC_WARN_UNINITIALIZED_AUTOS = YES_AGGRESSIVE;
				GCC_WARN_UNUSED_FUNCTION = YES;
				GCC_WARN_UNUSED_VARIABLE = YES;
				IPHONEOS_DEPLOYMENT_TARGET = 16.2;
				MTL_ENABLE_DEBUG_INFO = INCLUDE_SOURCE;
				MTL_FAST_MATH = YES;
				ONLY_ACTIVE_ARCH = YES;
				SDKROOT = iphoneos;
				SWIFT_ACTIVE_COMPILATION_CONDITIONS = DEBUG;
				SWIFT_OPTIMIZATION_LEVEL = "-Onone";
			};
			name = Debug;
		};
		D92249852A21A8AA00A77293 /* Release */ = {
			isa = XCBuildConfiguration;
			buildSettings = {
				ALWAYS_SEARCH_USER_PATHS = NO;
				CLANG_ANALYZER_NONNULL = YES;
				CLANG_ANALYZER_NUMBER_OBJECT_CONVERSION = YES_AGGRESSIVE;
				CLANG_CXX_LANGUAGE_STANDARD = "gnu++20";
				CLANG_ENABLE_MODULES = YES;
				CLANG_ENABLE_OBJC_ARC = YES;
				CLANG_ENABLE_OBJC_WEAK = YES;
				CLANG_WARN_BLOCK_CAPTURE_AUTORELEASING = YES;
				CLANG_WARN_BOOL_CONVERSION = YES;
				CLANG_WARN_COMMA = YES;
				CLANG_WARN_CONSTANT_CONVERSION = YES;
				CLANG_WARN_DEPRECATED_OBJC_IMPLEMENTATIONS = YES;
				CLANG_WARN_DIRECT_OBJC_ISA_USAGE = YES_ERROR;
				CLANG_WARN_DOCUMENTATION_COMMENTS = YES;
				CLANG_WARN_EMPTY_BODY = YES;
				CLANG_WARN_ENUM_CONVERSION = YES;
				CLANG_WARN_INFINITE_RECURSION = YES;
				CLANG_WARN_INT_CONVERSION = YES;
				CLANG_WARN_NON_LITERAL_NULL_CONVERSION = YES;
				CLANG_WARN_OBJC_IMPLICIT_RETAIN_SELF = YES;
				CLANG_WARN_OBJC_LITERAL_CONVERSION = YES;
				CLANG_WARN_OBJC_ROOT_CLASS = YES_ERROR;
				CLANG_WARN_QUOTED_INCLUDE_IN_FRAMEWORK_HEADER = YES;
				CLANG_WARN_RANGE_LOOP_ANALYSIS = YES;
				CLANG_WARN_STRICT_PROTOTYPES = YES;
				CLANG_WARN_SUSPICIOUS_MOVE = YES;
				CLANG_WARN_UNGUARDED_AVAILABILITY = YES_AGGRESSIVE;
				CLANG_WARN_UNREACHABLE_CODE = YES;
				CLANG_WARN__DUPLICATE_METHOD_MATCH = YES;
				COPY_PHASE_STRIP = NO;
				DEBUG_INFORMATION_FORMAT = "dwarf-with-dsym";
				ENABLE_NS_ASSERTIONS = NO;
				ENABLE_STRICT_OBJC_MSGSEND = YES;
				GCC_C_LANGUAGE_STANDARD = gnu11;
				GCC_NO_COMMON_BLOCKS = YES;
				GCC_WARN_64_TO_32_BIT_CONVERSION = YES;
				GCC_WARN_ABOUT_RETURN_TYPE = YES_ERROR;
				GCC_WARN_UNDECLARED_SELECTOR = YES;
				GCC_WARN_UNINITIALIZED_AUTOS = YES_AGGRESSIVE;
				GCC_WARN_UNUSED_FUNCTION = YES;
				GCC_WARN_UNUSED_VARIABLE = YES;
				IPHONEOS_DEPLOYMENT_TARGET = 16.2;
				MTL_ENABLE_DEBUG_INFO = NO;
				MTL_FAST_MATH = YES;
				SDKROOT = iphoneos;
				SWIFT_COMPILATION_MODE = wholemodule;
				SWIFT_OPTIMIZATION_LEVEL = "-O";
				VALIDATE_PRODUCT = YES;
			};
			name = Release;
		};
		D92249872A21A8AA00A77293 /* Debug */ = {
			isa = XCBuildConfiguration;
			buildSettings = {
				ASSETCATALOG_COMPILER_APPICON_NAME = AppIcon;
				ASSETCATALOG_COMPILER_GLOBAL_ACCENT_COLOR_NAME = AccentColor;
				CODE_SIGN_STYLE = Automatic;
				CURRENT_PROJECT_VERSION = 1;
				DEVELOPMENT_ASSET_PATHS = "\"Qooiz/Preview Content\"";
				ENABLE_PREVIEWS = YES;
				GENERATE_INFOPLIST_FILE = YES;
				INFOPLIST_KEY_UIApplicationSceneManifest_Generation = YES;
				INFOPLIST_KEY_UIApplicationSupportsIndirectInputEvents = YES;
				INFOPLIST_KEY_UILaunchScreen_Generation = YES;
				INFOPLIST_KEY_UISupportedInterfaceOrientations_iPad = "UIInterfaceOrientationPortrait UIInterfaceOrientationPortraitUpsideDown UIInterfaceOrientationLandscapeLeft UIInterfaceOrientationLandscapeRight";
				INFOPLIST_KEY_UISupportedInterfaceOrientations_iPhone = "UIInterfaceOrientationPortrait UIInterfaceOrientationLandscapeLeft UIInterfaceOrientationLandscapeRight";
				LD_RUNPATH_SEARCH_PATHS = (
					"$(inherited)",
					"@executable_path/Frameworks",
				);
				MARKETING_VERSION = 1.0;
				PRODUCT_BUNDLE_IDENTIFIER = sg.tk.Qooiz;
				PRODUCT_NAME = "$(TARGET_NAME)";
				SWIFT_EMIT_LOC_STRINGS = YES;
				SWIFT_VERSION = 5.0;
				TARGETED_DEVICE_FAMILY = "1,2";
			};
			name = Debug;
		};
		D92249882A21A8AA00A77293 /* Release */ = {
			isa = XCBuildConfiguration;
			buildSettings = {
				ASSETCATALOG_COMPILER_APPICON_NAME = AppIcon;
				ASSETCATALOG_COMPILER_GLOBAL_ACCENT_COLOR_NAME = AccentColor;
				CODE_SIGN_STYLE = Automatic;
				CURRENT_PROJECT_VERSION = 1;
				DEVELOPMENT_ASSET_PATHS = "\"Qooiz/Preview Content\"";
				ENABLE_PREVIEWS = YES;
				GENERATE_INFOPLIST_FILE = YES;
				INFOPLIST_KEY_UIApplicationSceneManifest_Generation = YES;
				INFOPLIST_KEY_UIApplicationSupportsIndirectInputEvents = YES;
				INFOPLIST_KEY_UILaunchScreen_Generation = YES;
				INFOPLIST_KEY_UISupportedInterfaceOrientations_iPad = "UIInterfaceOrientationPortrait UIInterfaceOrientationPortraitUpsideDown UIInterfaceOrientationLandscapeLeft UIInterfaceOrientationLandscapeRight";
				INFOPLIST_KEY_UISupportedInterfaceOrientations_iPhone = "UIInterfaceOrientationPortrait UIInterfaceOrientationLandscapeLeft UIInterfaceOrientationLandscapeRight";
				LD_RUNPATH_SEARCH_PATHS = (
					"$(inherited)",
					"@executable_path/Frameworks",
				);
				MARKETING_VERSION = 1.0;
				PRODUCT_BUNDLE_IDENTIFIER = sg.tk.Qooiz;
				PRODUCT_NAME = "$(TARGET_NAME)";
				SWIFT_EMIT_LOC_STRINGS = YES;
				SWIFT_VERSION = 5.0;
				TARGETED_DEVICE_FAMILY = "1,2";
			};
			name = Release;
		};
		D922498A2A21A8AA00A77293 /* Debug */ = {
			isa = XCBuildConfiguration;
			buildSettings = {
				ALWAYS_EMBED_SWIFT_STANDARD_LIBRARIES = YES;
				BUNDLE_LOADER = "$(TEST_HOST)";
				CODE_SIGN_STYLE = Automatic;
				CURRENT_PROJECT_VERSION = 1;
				GENERATE_INFOPLIST_FILE = YES;
				IPHONEOS_DEPLOYMENT_TARGET = 16.2;
				MARKETING_VERSION = 1.0;
				PRODUCT_BUNDLE_IDENTIFIER = sg.tk.QooizTests;
				PRODUCT_NAME = "$(TARGET_NAME)";
				SWIFT_EMIT_LOC_STRINGS = NO;
				SWIFT_VERSION = 5.0;
				TARGETED_DEVICE_FAMILY = "1,2";
				TEST_HOST = "$(BUILT_PRODUCTS_DIR)/Qooiz.app/$(BUNDLE_EXECUTABLE_FOLDER_PATH)/Qooiz";
			};
			name = Debug;
		};
		D922498B2A21A8AA00A77293 /* Release */ = {
			isa = XCBuildConfiguration;
			buildSettings = {
				ALWAYS_EMBED_SWIFT_STANDARD_LIBRARIES = YES;
				BUNDLE_LOADER = "$(TEST_HOST)";
				CODE_SIGN_STYLE = Automatic;
				CURRENT_PROJECT_VERSION = 1;
				GENERATE_INFOPLIST_FILE = YES;
				IPHONEOS_DEPLOYMENT_TARGET = 16.2;
				MARKETING_VERSION = 1.0;
				PRODUCT_BUNDLE_IDENTIFIER = sg.tk.QooizTests;
				PRODUCT_NAME = "$(TARGET_NAME)";
				SWIFT_EMIT_LOC_STRINGS = NO;
				SWIFT_VERSION = 5.0;
				TARGETED_DEVICE_FAMILY = "1,2";
				TEST_HOST = "$(BUILT_PRODUCTS_DIR)/Qooiz.app/$(BUNDLE_EXECUTABLE_FOLDER_PATH)/Qooiz";
			};
			name = Release;
		};
		D922498D2A21A8AA00A77293 /* Debug */ = {
			isa = XCBuildConfiguration;
			buildSettings = {
				ALWAYS_EMBED_SWIFT_STANDARD_LIBRARIES = YES;
				CODE_SIGN_STYLE = Automatic;
				CURRENT_PROJECT_VERSION = 1;
				GENERATE_INFOPLIST_FILE = YES;
				MARKETING_VERSION = 1.0;
				PRODUCT_BUNDLE_IDENTIFIER = sg.tk.QooizUITests;
				PRODUCT_NAME = "$(TARGET_NAME)";
				SWIFT_EMIT_LOC_STRINGS = NO;
				SWIFT_VERSION = 5.0;
				TARGETED_DEVICE_FAMILY = "1,2";
				TEST_TARGET_NAME = Qooiz;
			};
			name = Debug;
		};
		D922498E2A21A8AA00A77293 /* Release */ = {
			isa = XCBuildConfiguration;
			buildSettings = {
				ALWAYS_EMBED_SWIFT_STANDARD_LIBRARIES = YES;
				CODE_SIGN_STYLE = Automatic;
				CURRENT_PROJECT_VERSION = 1;
				GENERATE_INFOPLIST_FILE = YES;
				MARKETING_VERSION = 1.0;
				PRODUCT_BUNDLE_IDENTIFIER = sg.tk.QooizUITests;
				PRODUCT_NAME = "$(TARGET_NAME)";
				SWIFT_EMIT_LOC_STRINGS = NO;
				SWIFT_VERSION = 5.0;
				TARGETED_DEVICE_FAMILY = "1,2";
				TEST_TARGET_NAME = Qooiz;
			};
			name = Release;
		};
/* End XCBuildConfiguration section */

/* Begin XCConfigurationList section */
		D922495D2A21A8A500A77293 /* Build configuration list for PBXProject "Qooiz" */ = {
			isa = XCConfigurationList;
			buildConfigurations = (
				D92249842A21A8AA00A77293 /* Debug */,
				D92249852A21A8AA00A77293 /* Release */,
			);
			defaultConfigurationIsVisible = 0;
			defaultConfigurationName = Release;
		};
		D92249862A21A8AA00A77293 /* Build configuration list for PBXNativeTarget "Qooiz" */ = {
			isa = XCConfigurationList;
			buildConfigurations = (
				D92249872A21A8AA00A77293 /* Debug */,
				D92249882A21A8AA00A77293 /* Release */,
			);
			defaultConfigurationIsVisible = 0;
			defaultConfigurationName = Release;
		};
		D92249892A21A8AA00A77293 /* Build configuration list for PBXNativeTarget "QooizTests" */ = {
			isa = XCConfigurationList;
			buildConfigurations = (
				D922498A2A21A8AA00A77293 /* Debug */,
				D922498B2A21A8AA00A77293 /* Release */,
			);
			defaultConfigurationIsVisible = 0;
			defaultConfigurationName = Release;
		};
		D922498C2A21A8AA00A77293 /* Build configuration list for PBXNativeTarget "QooizUITests" */ = {
			isa = XCConfigurationList;
			buildConfigurations = (
				D922498D2A21A8AA00A77293 /* Debug */,
				D922498E2A21A8AA00A77293 /* Release */,
			);
			defaultConfigurationIsVisible = 0;
			defaultConfigurationName = Release;
		};
/* End XCConfigurationList section */
	};
	rootObject = D922495A2A21A8A500A77293 /* Project object */;
}
